
Microsoft Visual Studio Solution File, Format Version 12.00
# Visual Studio Version 16
VisualStudioVersion = 16.0.30907.101
MinimumVisualStudioVersion = 10.0.40219.1
Project("{9A19103F-16F7-4668-BE54-9A1E7A4F7556}") = "VidUp.Business", "VidUp.Business\VidUp.Business.csproj", "{03C3EB54-9C91-4871-9EAA-C18447F8E79F}"
EndProject
Project("{9A19103F-16F7-4668-BE54-9A1E7A4F7556}") = "VidUp.UI", "VidUp.UI\VidUp.UI.csproj", "{E568A83D-8FA1-45EE-B4D7-0C525D8923A4}"
EndProject
Project("{9A19103F-16F7-4668-BE54-9A1E7A4F7556}") = "VidUp.Json", "VidUp.Json\VidUp.Json.csproj", "{88F42201-2C15-4994-A3C0-0A47CF9B5E18}"
EndProject
Project("{9A19103F-16F7-4668-BE54-9A1E7A4F7556}") = "VidUp.Utils", "VidUp.Utils\VidUp.Utils.csproj", "{24A5202C-4AFF-48A6-9317-04DA92B2AC47}"
EndProject
Project("{9A19103F-16F7-4668-BE54-9A1E7A4F7556}") = "VidUp.Youtube", "VidUp.Youtube\VidUp.Youtube.csproj", "{7511C911-F013-4DBC-8B2A-5C027B60EEDA}"
EndProject
Project("{9A19103F-16F7-4668-BE54-9A1E7A4F7556}") = "VidUp.Test", "VidUp.Test\VidUp.Test.csproj", "{255F5758-AD3D-4730-B801-26B252E47C66}"
EndProject
Project("{54435603-DBB4-11D2-8724-00A0C9A8B90C}") = "VidUp.Setup", "VidUp.Setup\VidUp.Setup.vdproj", "{EAADDD04-8F65-4674-9102-2301742D7D0C}"
EndProject
Global
	GlobalSection(SolutionConfigurationPlatforms) = preSolution
		Debug|Any CPU = Debug|Any CPU
		Debug|x86 = Debug|x86
		Release|Any CPU = Release|Any CPU
		Release|x86 = Release|x86
	EndGlobalSection
	GlobalSection(ProjectConfigurationPlatforms) = postSolution
		{03C3EB54-9C91-4871-9EAA-C18447F8E79F}.Debug|Any CPU.ActiveCfg = Debug|Any CPU
		{03C3EB54-9C91-4871-9EAA-C18447F8E79F}.Debug|Any CPU.Build.0 = Debug|Any CPU
		{03C3EB54-9C91-4871-9EAA-C18447F8E79F}.Debug|x86.ActiveCfg = Debug|x86
		{03C3EB54-9C91-4871-9EAA-C18447F8E79F}.Debug|x86.Build.0 = Debug|x86
		{03C3EB54-9C91-4871-9EAA-C18447F8E79F}.Release|Any CPU.ActiveCfg = Release|Any CPU
		{03C3EB54-9C91-4871-9EAA-C18447F8E79F}.Release|Any CPU.Build.0 = Release|Any CPU
		{03C3EB54-9C91-4871-9EAA-C18447F8E79F}.Release|x86.ActiveCfg = Release|x86
		{03C3EB54-9C91-4871-9EAA-C18447F8E79F}.Release|x86.Build.0 = Release|x86
		{E568A83D-8FA1-45EE-B4D7-0C525D8923A4}.Debug|Any CPU.ActiveCfg = Debug|Any CPU
		{E568A83D-8FA1-45EE-B4D7-0C525D8923A4}.Debug|Any CPU.Build.0 = Debug|Any CPU
		{E568A83D-8FA1-45EE-B4D7-0C525D8923A4}.Debug|x86.ActiveCfg = Debug|x86
		{E568A83D-8FA1-45EE-B4D7-0C525D8923A4}.Debug|x86.Build.0 = Debug|x86
		{E568A83D-8FA1-45EE-B4D7-0C525D8923A4}.Release|Any CPU.ActiveCfg = Release|Any CPU
		{E568A83D-8FA1-45EE-B4D7-0C525D8923A4}.Release|Any CPU.Build.0 = Release|Any CPU
		{E568A83D-8FA1-45EE-B4D7-0C525D8923A4}.Release|x86.ActiveCfg = Release|x86
		{E568A83D-8FA1-45EE-B4D7-0C525D8923A4}.Release|x86.Build.0 = Release|x86
		{88F42201-2C15-4994-A3C0-0A47CF9B5E18}.Debug|Any CPU.ActiveCfg = Debug|Any CPU
		{88F42201-2C15-4994-A3C0-0A47CF9B5E18}.Debug|Any CPU.Build.0 = Debug|Any CPU
		{88F42201-2C15-4994-A3C0-0A47CF9B5E18}.Debug|x86.ActiveCfg = Debug|x86
		{88F42201-2C15-4994-A3C0-0A47CF9B5E18}.Debug|x86.Build.0 = Debug|x86
		{88F42201-2C15-4994-A3C0-0A47CF9B5E18}.Release|Any CPU.ActiveCfg = Release|Any CPU
		{88F42201-2C15-4994-A3C0-0A47CF9B5E18}.Release|Any CPU.Build.0 = Release|Any CPU
		{88F42201-2C15-4994-A3C0-0A47CF9B5E18}.Release|x86.ActiveCfg = Release|x86
		{88F42201-2C15-4994-A3C0-0A47CF9B5E18}.Release|x86.Build.0 = Release|x86
		{24A5202C-4AFF-48A6-9317-04DA92B2AC47}.Debug|Any CPU.ActiveCfg = Debug|Any CPU
		{24A5202C-4AFF-48A6-9317-04DA92B2AC47}.Debug|Any CPU.Build.0 = Debug|Any CPU
		{24A5202C-4AFF-48A6-9317-04DA92B2AC47}.Debug|x86.ActiveCfg = Debug|x86
		{24A5202C-4AFF-48A6-9317-04DA92B2AC47}.Debug|x86.Build.0 = Debug|x86
		{24A5202C-4AFF-48A6-9317-04DA92B2AC47}.Release|Any CPU.ActiveCfg = Release|Any CPU
		{24A5202C-4AFF-48A6-9317-04DA92B2AC47}.Release|Any CPU.Build.0 = Release|Any CPU
		{24A5202C-4AFF-48A6-9317-04DA92B2AC47}.Release|x86.ActiveCfg = Release|x86
		{24A5202C-4AFF-48A6-9317-04DA92B2AC47}.Release|x86.Build.0 = Release|x86
		{7511C911-F013-4DBC-8B2A-5C027B60EEDA}.Debug|Any CPU.ActiveCfg = Debug|Any CPU
		{7511C911-F013-4DBC-8B2A-5C027B60EEDA}.Debug|Any CPU.Build.0 = Debug|Any CPU
		{7511C911-F013-4DBC-8B2A-5C027B60EEDA}.Debug|x86.ActiveCfg = Debug|x86
		{7511C911-F013-4DBC-8B2A-5C027B60EEDA}.Debug|x86.Build.0 = Debug|x86
		{7511C911-F013-4DBC-8B2A-5C027B60EEDA}.Release|Any CPU.ActiveCfg = Release|Any CPU
		{7511C911-F013-4DBC-8B2A-5C027B60EEDA}.Release|Any CPU.Build.0 = Release|Any CPU
		{7511C911-F013-4DBC-8B2A-5C027B60EEDA}.Release|x86.ActiveCfg = Release|x86
		{7511C911-F013-4DBC-8B2A-5C027B60EEDA}.Release|x86.Build.0 = Release|x86
		{255F5758-AD3D-4730-B801-26B252E47C66}.Debug|Any CPU.ActiveCfg = Debug|Any CPU
		{255F5758-AD3D-4730-B801-26B252E47C66}.Debug|x86.ActiveCfg = Debug|x86
		{255F5758-AD3D-4730-B801-26B252E47C66}.Release|Any CPU.ActiveCfg = Release|Any CPU
		{255F5758-AD3D-4730-B801-26B252E47C66}.Release|x86.ActiveCfg = Release|x86
		{EAADDD04-8F65-4674-9102-2301742D7D0C}.Debug|Any CPU.ActiveCfg = Debug
		{EAADDD04-8F65-4674-9102-2301742D7D0C}.Debug|x86.ActiveCfg = Debug
		{EAADDD04-8F65-4674-9102-2301742D7D0C}.Release|Any CPU.ActiveCfg = Release
		{EAADDD04-8F65-4674-9102-2301742D7D0C}.Release|x86.ActiveCfg = Release
	EndGlobalSection
	GlobalSection(SolutionProperties) = preSolution
		HideSolutionNode = FALSE
	EndGlobalSection
	GlobalSection(ExtensibilityGlobals) = postSolution
		SolutionGuid = {AEBFC670-99F1-445E-B6D0-B5CC8EB8DA93}
	EndGlobalSection
EndGlobal
