
Microsoft Visual Studio Solution File, Format Version 12.00
# Visual Studio Version 16
VisualStudioVersion = 16.0.29519.181
MinimumVisualStudioVersion = 10.0.40219.1
Project("{9A19103F-16F7-4668-BE54-9A1E7A4F7556}") = "VidUp.UI", "VidUp.UI\VidUp.UI.csproj", "{00CE8B5C-ACFA-4DEE-B5A4-3DFAC4EF5284}"
	ProjectSection(ProjectDependencies) = postProject
		{E50FAC30-C83D-41F5-BF1D-2D69AE8BDFAB} = {E50FAC30-C83D-41F5-BF1D-2D69AE8BDFAB}
		{C7AA3A6D-0823-4058-8529-71EA31477585} = {C7AA3A6D-0823-4058-8529-71EA31477585}
		{357E2971-B039-45D6-BE71-8983C9AD0520} = {357E2971-B039-45D6-BE71-8983C9AD0520}
	EndProjectSection
EndProject
Project("{9A19103F-16F7-4668-BE54-9A1E7A4F7556}") = "VidUp.Business", "VidUp.Business\VidUp.Business.csproj", "{C7AA3A6D-0823-4058-8529-71EA31477585}"
EndProject
Project("{9A19103F-16F7-4668-BE54-9A1E7A4F7556}") = "VidUp.JSON", "VidUp.JSON\VidUp.JSON.csproj", "{E50FAC30-C83D-41F5-BF1D-2D69AE8BDFAB}"
EndProject
Project("{9A19103F-16F7-4668-BE54-9A1E7A4F7556}") = "VidUp.YouTube", "VidUp.YouTube\VidUp.YouTube.csproj", "{357E2971-B039-45D6-BE71-8983C9AD0520}"
EndProject
Project("{930C7802-8A8C-48F9-8165-68863BCCD9DD}") = "VidUp.Setup", "VidUp.Setup\VidUp.Setup.wixproj", "{9140F98B-8DFD-4CA2-9F62-76347E5A57AD}"
EndProject
Global
	GlobalSection(SolutionConfigurationPlatforms) = preSolution
		Debug|Any CPU = Debug|Any CPU
		Debug|x86 = Debug|x86
		Release|Any CPU = Release|Any CPU
		Release|x86 = Release|x86
	EndGlobalSection
	GlobalSection(ProjectConfigurationPlatforms) = postSolution
		{00CE8B5C-ACFA-4DEE-B5A4-3DFAC4EF5284}.Debug|Any CPU.ActiveCfg = Debug|Any CPU
		{00CE8B5C-ACFA-4DEE-B5A4-3DFAC4EF5284}.Debug|Any CPU.Build.0 = Debug|Any CPU
		{00CE8B5C-ACFA-4DEE-B5A4-3DFAC4EF5284}.Debug|x86.ActiveCfg = Debug|Any CPU
		{00CE8B5C-ACFA-4DEE-B5A4-3DFAC4EF5284}.Debug|x86.Build.0 = Debug|Any CPU
		{00CE8B5C-ACFA-4DEE-B5A4-3DFAC4EF5284}.Release|Any CPU.ActiveCfg = Release|Any CPU
		{00CE8B5C-ACFA-4DEE-B5A4-3DFAC4EF5284}.Release|Any CPU.Build.0 = Release|Any CPU
		{00CE8B5C-ACFA-4DEE-B5A4-3DFAC4EF5284}.Release|x86.ActiveCfg = Release|Any CPU
		{00CE8B5C-ACFA-4DEE-B5A4-3DFAC4EF5284}.Release|x86.Build.0 = Release|Any CPU
		{C7AA3A6D-0823-4058-8529-71EA31477585}.Debug|Any CPU.ActiveCfg = Debug|Any CPU
		{C7AA3A6D-0823-4058-8529-71EA31477585}.Debug|Any CPU.Build.0 = Debug|Any CPU
		{C7AA3A6D-0823-4058-8529-71EA31477585}.Debug|x86.ActiveCfg = Debug|Any CPU
		{C7AA3A6D-0823-4058-8529-71EA31477585}.Debug|x86.Build.0 = Debug|Any CPU
		{C7AA3A6D-0823-4058-8529-71EA31477585}.Release|Any CPU.ActiveCfg = Release|Any CPU
		{C7AA3A6D-0823-4058-8529-71EA31477585}.Release|Any CPU.Build.0 = Release|Any CPU
		{C7AA3A6D-0823-4058-8529-71EA31477585}.Release|x86.ActiveCfg = Release|Any CPU
		{C7AA3A6D-0823-4058-8529-71EA31477585}.Release|x86.Build.0 = Release|Any CPU
		{E50FAC30-C83D-41F5-BF1D-2D69AE8BDFAB}.Debug|Any CPU.ActiveCfg = Debug|Any CPU
		{E50FAC30-C83D-41F5-BF1D-2D69AE8BDFAB}.Debug|Any CPU.Build.0 = Debug|Any CPU
		{E50FAC30-C83D-41F5-BF1D-2D69AE8BDFAB}.Debug|x86.ActiveCfg = Debug|Any CPU
		{E50FAC30-C83D-41F5-BF1D-2D69AE8BDFAB}.Debug|x86.Build.0 = Debug|Any CPU
		{E50FAC30-C83D-41F5-BF1D-2D69AE8BDFAB}.Release|Any CPU.ActiveCfg = Release|Any CPU
		{E50FAC30-C83D-41F5-BF1D-2D69AE8BDFAB}.Release|Any CPU.Build.0 = Release|Any CPU
		{E50FAC30-C83D-41F5-BF1D-2D69AE8BDFAB}.Release|x86.ActiveCfg = Release|Any CPU
		{E50FAC30-C83D-41F5-BF1D-2D69AE8BDFAB}.Release|x86.Build.0 = Release|Any CPU
		{357E2971-B039-45D6-BE71-8983C9AD0520}.Debug|Any CPU.ActiveCfg = Debug|Any CPU
		{357E2971-B039-45D6-BE71-8983C9AD0520}.Debug|Any CPU.Build.0 = Debug|Any CPU
		{357E2971-B039-45D6-BE71-8983C9AD0520}.Debug|x86.ActiveCfg = Debug|Any CPU
		{357E2971-B039-45D6-BE71-8983C9AD0520}.Debug|x86.Build.0 = Debug|Any CPU
		{357E2971-B039-45D6-BE71-8983C9AD0520}.Release|Any CPU.ActiveCfg = Release|Any CPU
		{357E2971-B039-45D6-BE71-8983C9AD0520}.Release|Any CPU.Build.0 = Release|Any CPU
		{357E2971-B039-45D6-BE71-8983C9AD0520}.Release|x86.ActiveCfg = Release|Any CPU
		{357E2971-B039-45D6-BE71-8983C9AD0520}.Release|x86.Build.0 = Release|Any CPU
		{9140F98B-8DFD-4CA2-9F62-76347E5A57AD}.Debug|Any CPU.ActiveCfg = Debug|x64
		{9140F98B-8DFD-4CA2-9F62-76347E5A57AD}.Debug|Any CPU.Build.0 = Debug|x64
		{9140F98B-8DFD-4CA2-9F62-76347E5A57AD}.Debug|x86.ActiveCfg = Debug|x86
		{9140F98B-8DFD-4CA2-9F62-76347E5A57AD}.Debug|x86.Build.0 = Debug|x86
		{9140F98B-8DFD-4CA2-9F62-76347E5A57AD}.Release|Any CPU.ActiveCfg = Release|x64
		{9140F98B-8DFD-4CA2-9F62-76347E5A57AD}.Release|x86.ActiveCfg = Release|x86
	EndGlobalSection
	GlobalSection(SolutionProperties) = preSolution
		HideSolutionNode = FALSE
	EndGlobalSection
	GlobalSection(ExtensibilityGlobals) = postSolution
		SolutionGuid = {3A91D770-40A5-4621-BCC8-40FF3B92374B}
	EndGlobalSection
EndGlobal
